// !$*UTF8*$!
{
	archiveVersion = 1;
	classes = {
	};
	objectVersion = 46;
	objects = {

/* Begin PBXBuildFile section */
		3B57B1BE1F5FDE70001FB431 /* main.m in Sources */ = {isa = PBXBuildFile; fileRef = 3B57B1BD1F5FDE70001FB431 /* main.m */; };
		3B57B1C11F5FDE70001FB431 /* AppDelegate.m in Sources */ = {isa = PBXBuildFile; fileRef = 3B57B1C01F5FDE70001FB431 /* AppDelegate.m */; };
		3B57B1C41F5FDE70001FB431 /* ViewController.m in Sources */ = {isa = PBXBuildFile; fileRef = 3B57B1C31F5FDE70001FB431 /* ViewController.m */; };
		3B57B1C71F5FDE70001FB431 /* Main.storyboard in Resources */ = {isa = PBXBuildFile; fileRef = 3B57B1C51F5FDE70001FB431 /* Main.storyboard */; };
		3B57B1C91F5FDE70001FB431 /* Assets.xcassets in Resources */ = {isa = PBXBuildFile; fileRef = 3B57B1C81F5FDE70001FB431 /* Assets.xcassets */; };
		3B57B1CC1F5FDE70001FB431 /* LaunchScreen.storyboard in Resources */ = {isa = PBXBuildFile; fileRef = 3B57B1CA1F5FDE70001FB431 /* LaunchScreen.storyboard */; };
		3B57B1D71F5FDE70001FB431 /* WYM_View_DemoTests.m in Sources */ = {isa = PBXBuildFile; fileRef = 3B57B1D61F5FDE70001FB431 /* WYM_View_DemoTests.m */; };
		3B57B1E21F5FDE70001FB431 /* WYM_View_DemoUITests.m in Sources */ = {isa = PBXBuildFile; fileRef = 3B57B1E11F5FDE70001FB431 /* WYM_View_DemoUITests.m */; };
		3B57B1F61F5FE299001FB431 /* WYMViewArchitectureVC.m in Sources */ = {isa = PBXBuildFile; fileRef = 3B57B1F41F5FE299001FB431 /* WYMViewArchitectureVC.m */; };
		3B57B1F71F5FE299001FB431 /* WYMViewArchitectureVC.xib in Resources */ = {isa = PBXBuildFile; fileRef = 3B57B1F51F5FE299001FB431 /* WYMViewArchitectureVC.xib */; };
		3B57B1FB1F5FF9C4001FB431 /* WYMArchitectureView.m in Sources */ = {isa = PBXBuildFile; fileRef = 3B57B1FA1F5FF9C4001FB431 /* WYMArchitectureView.m */; };
/* End PBXBuildFile section */

/* Begin PBXContainerItemProxy section */
		3B57B1D31F5FDE70001FB431 /* PBXContainerItemProxy */ = {
			isa = PBXContainerItemProxy;
			containerPortal = 3B57B1B11F5FDE70001FB431 /* Project object */;
			proxyType = 1;
			remoteGlobalIDString = 3B57B1B81F5FDE70001FB431;
			remoteInfo = WYM_View_Demo;
		};
		3B57B1DE1F5FDE70001FB431 /* PBXContainerItemProxy */ = {
			isa = PBXContainerItemProxy;
			containerPortal = 3B57B1B11F5FDE70001FB431 /* Project object */;
			proxyType = 1;
			remoteGlobalIDString = 3B57B1B81F5FDE70001FB431;
			remoteInfo = WYM_View_Demo;
		};
/* End PBXContainerItemProxy section */

/* Begin PBXFileReference section */
		3B57B1B91F5FDE70001FB431 /* WYM_View_Demo.app */ = {isa = PBXFileReference; explicitFileType = wrapper.application; includeInIndex = 0; path = WYM_View_Demo.app; sourceTree = BUILT_PRODUCTS_DIR; };
		3B57B1BD1F5FDE70001FB431 /* main.m */ = {isa = PBXFileReference; lastKnownFileType = sourcecode.c.objc; path = main.m; sourceTree = "<group>"; };
		3B57B1BF1F5FDE70001FB431 /* AppDelegate.h */ = {isa = PBXFileReference; lastKnownFileType = sourcecode.c.h; path = AppDelegate.h; sourceTree = "<group>"; };
		3B57B1C01F5FDE70001FB431 /* AppDelegate.m */ = {isa = PBXFileReference; lastKnownFileType = sourcecode.c.objc; path = AppDelegate.m; sourceTree = "<group>"; };
		3B57B1C21F5FDE70001FB431 /* ViewController.h */ = {isa = PBXFileReference; lastKnownFileType = sourcecode.c.h; path = ViewController.h; sourceTree = "<group>"; };
		3B57B1C31F5FDE70001FB431 /* ViewController.m */ = {isa = PBXFileReference; lastKnownFileType = sourcecode.c.objc; path = ViewController.m; sourceTree = "<group>"; };
		3B57B1C61F5FDE70001FB431 /* Base */ = {isa = PBXFileReference; lastKnownFileType = file.storyboard; name = Base; path = Base.lproj/Main.storyboard; sourceTree = "<group>"; };
		3B57B1C81F5FDE70001FB431 /* Assets.xcassets */ = {isa = PBXFileReference; lastKnownFileType = folder.assetcatalog; path = Assets.xcassets; sourceTree = "<group>"; };
		3B57B1CB1F5FDE70001FB431 /* Base */ = {isa = PBXFileReference; lastKnownFileType = file.storyboard; name = Base; path = Base.lproj/LaunchScreen.storyboard; sourceTree = "<group>"; };
		3B57B1CD1F5FDE70001FB431 /* Info.plist */ = {isa = PBXFileReference; lastKnownFileType = text.plist.xml; path = Info.plist; sourceTree = "<group>"; };
		3B57B1D21F5FDE70001FB431 /* WYM_View_DemoTests.xctest */ = {isa = PBXFileReference; explicitFileType = wrapper.cfbundle; includeInIndex = 0; path = WYM_View_DemoTests.xctest; sourceTree = BUILT_PRODUCTS_DIR; };
		3B57B1D61F5FDE70001FB431 /* WYM_View_DemoTests.m */ = {isa = PBXFileReference; lastKnownFileType = sourcecode.c.objc; path = WYM_View_DemoTests.m; sourceTree = "<group>"; };
		3B57B1D81F5FDE70001FB431 /* Info.plist */ = {isa = PBXFileReference; lastKnownFileType = text.plist.xml; path = Info.plist; sourceTree = "<group>"; };
		3B57B1DD1F5FDE70001FB431 /* WYM_View_DemoUITests.xctest */ = {isa = PBXFileReference; explicitFileType = wrapper.cfbundle; includeInIndex = 0; path = WYM_View_DemoUITests.xctest; sourceTree = BUILT_PRODUCTS_DIR; };
		3B57B1E11F5FDE70001FB431 /* WYM_View_DemoUITests.m */ = {isa = PBXFileReference; lastKnownFileType = sourcecode.c.objc; path = WYM_View_DemoUITests.m; sourceTree = "<group>"; };
		3B57B1E31F5FDE70001FB431 /* Info.plist */ = {isa = PBXFileReference; lastKnownFileType = text.plist.xml; path = Info.plist; sourceTree = "<group>"; };
		3B57B1F31F5FE299001FB431 /* WYMViewArchitectureVC.h */ = {isa = PBXFileReference; fileEncoding = 4; lastKnownFileType = sourcecode.c.h; path = WYMViewArchitectureVC.h; sourceTree = "<group>"; };
		3B57B1F41F5FE299001FB431 /* WYMViewArchitectureVC.m */ = {isa = PBXFileReference; fileEncoding = 4; lastKnownFileType = sourcecode.c.objc; path = WYMViewArchitectureVC.m; sourceTree = "<group>"; };
		3B57B1F51F5FE299001FB431 /* WYMViewArchitectureVC.xib */ = {isa = PBXFileReference; fileEncoding = 4; lastKnownFileType = file.xib; path = WYMViewArchitectureVC.xib; sourceTree = "<group>"; };
		3B57B1F91F5FF9C4001FB431 /* WYMArchitectureView.h */ = {isa = PBXFileReference; fileEncoding = 4; lastKnownFileType = sourcecode.c.h; path = WYMArchitectureView.h; sourceTree = "<group>"; };
		3B57B1FA1F5FF9C4001FB431 /* WYMArchitectureView.m */ = {isa = PBXFileReference; fileEncoding = 4; lastKnownFileType = sourcecode.c.objc; path = WYMArchitectureView.m; sourceTree = "<group>"; };
/* End PBXFileReference section */

/* Begin PBXFrameworksBuildPhase section */
		3B57B1B61F5FDE70001FB431 /* Frameworks */ = {
			isa = PBXFrameworksBuildPhase;
			buildActionMask = 2147483647;
			files = (
			);
			runOnlyForDeploymentPostprocessing = 0;
		};
		3B57B1CF1F5FDE70001FB431 /* Frameworks */ = {
			isa = PBXFrameworksBuildPhase;
			buildActionMask = 2147483647;
			files = (
			);
			runOnlyForDeploymentPostprocessing = 0;
		};
		3B57B1DA1F5FDE70001FB431 /* Frameworks */ = {
			isa = PBXFrameworksBuildPhase;
			buildActionMask = 2147483647;
			files = (
			);
			runOnlyForDeploymentPostprocessing = 0;
		};
/* End PBXFrameworksBuildPhase section */

/* Begin PBXGroup section */
		3B57B1B01F5FDE70001FB431 = {
			isa = PBXGroup;
			children = (
				3B57B1BB1F5FDE70001FB431 /* WYM_View_Demo */,
				3B57B1D51F5FDE70001FB431 /* WYM_View_DemoTests */,
				3B57B1E01F5FDE70001FB431 /* WYM_View_DemoUITests */,
				3B57B1BA1F5FDE70001FB431 /* Products */,
			);
			sourceTree = "<group>";
		};
		3B57B1BA1F5FDE70001FB431 /* Products */ = {
			isa = PBXGroup;
			children = (
				3B57B1B91F5FDE70001FB431 /* WYM_View_Demo.app */,
				3B57B1D21F5FDE70001FB431 /* WYM_View_DemoTests.xctest */,
				3B57B1DD1F5FDE70001FB431 /* WYM_View_DemoUITests.xctest */,
			);
			name = Products;
			sourceTree = "<group>";
		};
		3B57B1BB1F5FDE70001FB431 /* WYM_View_Demo */ = {
			isa = PBXGroup;
			children = (
				3B57B1BF1F5FDE70001FB431 /* AppDelegate.h */,
				3B57B1C01F5FDE70001FB431 /* AppDelegate.m */,
				3B57B1C21F5FDE70001FB431 /* ViewController.h */,
				3B57B1C31F5FDE70001FB431 /* ViewController.m */,
				3B57B1C51F5FDE70001FB431 /* Main.storyboard */,
				3B57B1F21F5FE25F001FB431 /* View And Window Architecture */,
				3B57B1F11F5FE25F001FB431 /* Windows */,
				3B57B1F01F5FE25F001FB431 /* Views */,
				3B57B1EF1F5FE25F001FB431 /* Animations */,
				3B57B1C81F5FDE70001FB431 /* Assets.xcassets */,
				3B57B1CA1F5FDE70001FB431 /* LaunchScreen.storyboard */,
				3B57B1CD1F5FDE70001FB431 /* Info.plist */,
				3B57B1BC1F5FDE70001FB431 /* Supporting Files */,
			);
			path = WYM_View_Demo;
			sourceTree = "<group>";
		};
		3B57B1BC1F5FDE70001FB431 /* Supporting Files */ = {
			isa = PBXGroup;
			children = (
				3B57B1BD1F5FDE70001FB431 /* main.m */,
			);
			name = "Supporting Files";
			sourceTree = "<group>";
		};
		3B57B1D51F5FDE70001FB431 /* WYM_View_DemoTests */ = {
			isa = PBXGroup;
			children = (
				3B57B1D61F5FDE70001FB431 /* WYM_View_DemoTests.m */,
				3B57B1D81F5FDE70001FB431 /* Info.plist */,
			);
			path = WYM_View_DemoTests;
			sourceTree = "<group>";
		};
		3B57B1E01F5FDE70001FB431 /* WYM_View_DemoUITests */ = {
			isa = PBXGroup;
			children = (
				3B57B1E11F5FDE70001FB431 /* WYM_View_DemoUITests.m */,
				3B57B1E31F5FDE70001FB431 /* Info.plist */,
			);
			path = WYM_View_DemoUITests;
			sourceTree = "<group>";
		};
		3B57B1EF1F5FE25F001FB431 /* Animations */ = {
			isa = PBXGroup;
			children = (
			);
			path = Animations;
			sourceTree = "<group>";
		};
		3B57B1F01F5FE25F001FB431 /* Views */ = {
			isa = PBXGroup;
			children = (
			);
			path = Views;
			sourceTree = "<group>";
		};
		3B57B1F11F5FE25F001FB431 /* Windows */ = {
			isa = PBXGroup;
			children = (
			);
			path = Windows;
			sourceTree = "<group>";
		};
		3B57B1F21F5FE25F001FB431 /* View And Window Architecture */ = {
			isa = PBXGroup;
			children = (
				3B57B1F31F5FE299001FB431 /* WYMViewArchitectureVC.h */,
				3B57B1F41F5FE299001FB431 /* WYMViewArchitectureVC.m */,
				3B57B1F51F5FE299001FB431 /* WYMViewArchitectureVC.xib */,
				3B57B1F81F5FF9AD001FB431 /* Views */,
			);
			path = "View And Window Architecture";
			sourceTree = "<group>";
		};
		3B57B1F81F5FF9AD001FB431 /* Views */ = {
			isa = PBXGroup;
			children = (
				3B57B1F91F5FF9C4001FB431 /* WYMArchitectureView.h */,
				3B57B1FA1F5FF9C4001FB431 /* WYMArchitectureView.m */,
			);
			path = Views;
			sourceTree = "<group>";
		};
/* End PBXGroup section */

/* Begin PBXNativeTarget section */
		3B57B1B81F5FDE70001FB431 /* WYM_View_Demo */ = {
			isa = PBXNativeTarget;
			buildConfigurationList = 3B57B1E61F5FDE70001FB431 /* Build configuration list for PBXNativeTarget "WYM_View_Demo" */;
			buildPhases = (
				3B57B1B51F5FDE70001FB431 /* Sources */,
				3B57B1B61F5FDE70001FB431 /* Frameworks */,
				3B57B1B71F5FDE70001FB431 /* Resources */,
			);
			buildRules = (
			);
			dependencies = (
			);
			name = WYM_View_Demo;
			productName = WYM_View_Demo;
			productReference = 3B57B1B91F5FDE70001FB431 /* WYM_View_Demo.app */;
			productType = "com.apple.product-type.application";
		};
		3B57B1D11F5FDE70001FB431 /* WYM_View_DemoTests */ = {
			isa = PBXNativeTarget;
			buildConfigurationList = 3B57B1E91F5FDE70001FB431 /* Build configuration list for PBXNativeTarget "WYM_View_DemoTests" */;
			buildPhases = (
				3B57B1CE1F5FDE70001FB431 /* Sources */,
				3B57B1CF1F5FDE70001FB431 /* Frameworks */,
				3B57B1D01F5FDE70001FB431 /* Resources */,
			);
			buildRules = (
			);
			dependencies = (
				3B57B1D41F5FDE70001FB431 /* PBXTargetDependency */,
			);
			name = WYM_View_DemoTests;
			productName = WYM_View_DemoTests;
			productReference = 3B57B1D21F5FDE70001FB431 /* WYM_View_DemoTests.xctest */;
			productType = "com.apple.product-type.bundle.unit-test";
		};
		3B57B1DC1F5FDE70001FB431 /* WYM_View_DemoUITests */ = {
			isa = PBXNativeTarget;
			buildConfigurationList = 3B57B1EC1F5FDE70001FB431 /* Build configuration list for PBXNativeTarget "WYM_View_DemoUITests" */;
			buildPhases = (
				3B57B1D91F5FDE70001FB431 /* Sources */,
				3B57B1DA1F5FDE70001FB431 /* Frameworks */,
				3B57B1DB1F5FDE70001FB431 /* Resources */,
			);
			buildRules = (
			);
			dependencies = (
				3B57B1DF1F5FDE70001FB431 /* PBXTargetDependency */,
			);
			name = WYM_View_DemoUITests;
			productName = WYM_View_DemoUITests;
			productReference = 3B57B1DD1F5FDE70001FB431 /* WYM_View_DemoUITests.xctest */;
			productType = "com.apple.product-type.bundle.ui-testing";
		};
/* End PBXNativeTarget section */

/* Begin PBXProject section */
		3B57B1B11F5FDE70001FB431 /* Project object */ = {
			isa = PBXProject;
			attributes = {
				LastUpgradeCheck = 0830;
				ORGANIZATIONNAME = WalkerYm;
				TargetAttributes = {
					3B57B1B81F5FDE70001FB431 = {
						CreatedOnToolsVersion = 8.3.3;
						ProvisioningStyle = Automatic;
					};
					3B57B1D11F5FDE70001FB431 = {
						CreatedOnToolsVersion = 8.3.3;
						ProvisioningStyle = Automatic;
						TestTargetID = 3B57B1B81F5FDE70001FB431;
					};
					3B57B1DC1F5FDE70001FB431 = {
						CreatedOnToolsVersion = 8.3.3;
						ProvisioningStyle = Automatic;
						TestTargetID = 3B57B1B81F5FDE70001FB431;
					};
				};
			};
			buildConfigurationList = 3B57B1B41F5FDE70001FB431 /* Build configuration list for PBXProject "WYM_View_Demo" */;
			compatibilityVersion = "Xcode 3.2";
			developmentRegion = English;
			hasScannedForEncodings = 0;
			knownRegions = (
				en,
				Base,
			);
			mainGroup = 3B57B1B01F5FDE70001FB431;
			productRefGroup = 3B57B1BA1F5FDE70001FB431 /* Products */;
			projectDirPath = "";
			projectRoot = "";
			targets = (
				3B57B1B81F5FDE70001FB431 /* WYM_View_Demo */,
				3B57B1D11F5FDE70001FB431 /* WYM_View_DemoTests */,
				3B57B1DC1F5FDE70001FB431 /* WYM_View_DemoUITests */,
			);
		};
/* End PBXProject section */

/* Begin PBXResourcesBuildPhase section */
		3B57B1B71F5FDE70001FB431 /* Resources */ = {
			isa = PBXResourcesBuildPhase;
			buildActionMask = 2147483647;
			files = (
				3B57B1CC1F5FDE70001FB431 /* LaunchScreen.storyboard in Resources */,
				3B57B1C91F5FDE70001FB431 /* Assets.xcassets in Resources */,
				3B57B1F71F5FE299001FB431 /* WYMViewArchitectureVC.xib in Resources */,
				3B57B1C71F5FDE70001FB431 /* Main.storyboard in Resources */,
			);
			runOnlyForDeploymentPostprocessing = 0;
		};
		3B57B1D01F5FDE70001FB431 /* Resources */ = {
			isa = PBXResourcesBuildPhase;
			buildActionMask = 2147483647;
			files = (
			);
			runOnlyForDeploymentPostprocessing = 0;
		};
		3B57B1DB1F5FDE70001FB431 /* Resources */ = {
			isa = PBXResourcesBuildPhase;
			buildActionMask = 2147483647;
			files = (
			);
			runOnlyForDeploymentPostprocessing = 0;
		};
/* End PBXResourcesBuildPhase section */

/* Begin PBXSourcesBuildPhase section */
		3B57B1B51F5FDE70001FB431 /* Sources */ = {
			isa = PBXSourcesBuildPhase;
			buildActionMask = 2147483647;
			files = (
				3B57B1C41F5FDE70001FB431 /* ViewController.m in Sources */,
				3B57B1C11F5FDE70001FB431 /* AppDelegate.m in Sources */,
				3B57B1F61F5FE299001FB431 /* WYMViewArchitectureVC.m in Sources */,
				3B57B1FB1F5FF9C4001FB431 /* WYMArchitectureView.m in Sources */,
				3B57B1BE1F5FDE70001FB431 /* main.m in Sources */,
			);
			runOnlyForDeploymentPostprocessing = 0;
		};
		3B57B1CE1F5FDE70001FB431 /* Sources */ = {
			isa = PBXSourcesBuildPhase;
			buildActionMask = 2147483647;
			files = (
				3B57B1D71F5FDE70001FB431 /* WYM_View_DemoTests.m in Sources */,
			);
			runOnlyForDeploymentPostprocessing = 0;
		};
		3B57B1D91F5FDE70001FB431 /* Sources */ = {
			isa = PBXSourcesBuildPhase;
			buildActionMask = 2147483647;
			files = (
				3B57B1E21F5FDE70001FB431 /* WYM_View_DemoUITests.m in Sources */,
			);
			runOnlyForDeploymentPostprocessing = 0;
		};
/* End PBXSourcesBuildPhase section */

/* Begin PBXTargetDependency section */
		3B57B1D41F5FDE70001FB431 /* PBXTargetDependency */ = {
			isa = PBXTargetDependency;
			target = 3B57B1B81F5FDE70001FB431 /* WYM_View_Demo */;
			targetProxy = 3B57B1D31F5FDE70001FB431 /* PBXContainerItemProxy */;
		};
		3B57B1DF1F5FDE70001FB431 /* PBXTargetDependency */ = {
			isa = PBXTargetDependency;
			target = 3B57B1B81F5FDE70001FB431 /* WYM_View_Demo */;
			targetProxy = 3B57B1DE1F5FDE70001FB431 /* PBXContainerItemProxy */;
		};
/* End PBXTargetDependency section */

/* Begin PBXVariantGroup section */
		3B57B1C51F5FDE70001FB431 /* Main.storyboard */ = {
			isa = PBXVariantGroup;
			children = (
				3B57B1C61F5FDE70001FB431 /* Base */,
			);
			name = Main.storyboard;
			sourceTree = "<group>";
		};
		3B57B1CA1F5FDE70001FB431 /* LaunchScreen.storyboard */ = {
			isa = PBXVariantGroup;
			children = (
				3B57B1CB1F5FDE70001FB431 /* Base */,
			);
			name = LaunchScreen.storyboard;
			sourceTree = "<group>";
		};
/* End PBXVariantGroup section */

/* Begin XCBuildConfiguration section */
		3B57B1E41F5FDE70001FB431 /* Debug */ = {
			isa = XCBuildConfiguration;
			buildSettings = {
				ALWAYS_SEARCH_USER_PATHS = NO;
				CLANG_ANALYZER_NONNULL = YES;
				CLANG_ANALYZER_NUMBER_OBJECT_CONVERSION = YES_AGGRESSIVE;
				CLANG_CXX_LANGUAGE_STANDARD = "gnu++0x";
				CLANG_CXX_LIBRARY = "libc++";
				CLANG_ENABLE_MODULES = YES;
				CLANG_ENABLE_OBJC_ARC = YES;
				CLANG_WARN_BOOL_CONVERSION = YES;
				CLANG_WARN_CONSTANT_CONVERSION = YES;
				CLANG_WARN_DIRECT_OBJC_ISA_USAGE = YES_ERROR;
				CLANG_WARN_DOCUMENTATION_COMMENTS = YES;
				CLANG_WARN_EMPTY_BODY = YES;
				CLANG_WARN_ENUM_CONVERSION = YES;
				CLANG_WARN_INFINITE_RECURSION = YES;
				CLANG_WARN_INT_CONVERSION = YES;
				CLANG_WARN_OBJC_ROOT_CLASS = YES_ERROR;
				CLANG_WARN_SUSPICIOUS_MOVE = YES;
				CLANG_WARN_UNREACHABLE_CODE = YES;
				CLANG_WARN__DUPLICATE_METHOD_MATCH = YES;
				"CODE_SIGN_IDENTITY[sdk=iphoneos*]" = "iPhone Developer";
				COPY_PHASE_STRIP = NO;
				DEBUG_INFORMATION_FORMAT = dwarf;
				ENABLE_STRICT_OBJC_MSGSEND = YES;
				ENABLE_TESTABILITY = YES;
				GCC_C_LANGUAGE_STANDARD = gnu99;
				GCC_DYNAMIC_NO_PIC = NO;
				GCC_NO_COMMON_BLOCKS = YES;
				GCC_OPTIMIZATION_LEVEL = 0;
				GCC_PREPROCESSOR_DEFINITIONS = (
					"DEBUG=1",
					"$(inherited)",
				);
				GCC_WARN_64_TO_32_BIT_CONVERSION = YES;
				GCC_WARN_ABOUT_RETURN_TYPE = YES_ERROR;
				GCC_WARN_UNDECLARED_SELECTOR = YES;
				GCC_WARN_UNINITIALIZED_AUTOS = YES_AGGRESSIVE;
				GCC_WARN_UNUSED_FUNCTION = YES;
				GCC_WARN_UNUSED_VARIABLE = YES;
				IPHONEOS_DEPLOYMENT_TARGET = 10.3;
				MTL_ENABLE_DEBUG_INFO = YES;
				ONLY_ACTIVE_ARCH = YES;
				SDKROOT = iphoneos;
				TARGETED_DEVICE_FAMILY = "1,2";
			};
			name = Debug;
		};
		3B57B1E51F5FDE70001FB431 /* Release */ = {
			isa = XCBuildConfiguration;
			buildSettings = {
				ALWAYS_SEARCH_USER_PATHS = NO;
				CLANG_ANALYZER_NONNULL = YES;
				CLANG_ANALYZER_NUMBER_OBJECT_CONVERSION = YES_AGGRESSIVE;
				CLANG_CXX_LANGUAGE_STANDARD = "gnu++0x";
				CLANG_CXX_LIBRARY = "libc++";
				CLANG_ENABLE_MODULES = YES;
				CLANG_ENABLE_OBJC_ARC = YES;
				CLANG_WARN_BOOL_CONVERSION = YES;
				CLANG_WARN_CONSTANT_CONVERSION = YES;
				CLANG_WARN_DIRECT_OBJC_ISA_USAGE = YES_ERROR;
				CLANG_WARN_DOCUMENTATION_COMMENTS = YES;
				CLANG_WARN_EMPTY_BODY = YES;
				CLANG_WARN_ENUM_CONVERSION = YES;
				CLANG_WARN_INFINITE_RECURSION = YES;
				CLANG_WARN_INT_CONVERSION = YES;
				CLANG_WARN_OBJC_ROOT_CLASS = YES_ERROR;
				CLANG_WARN_SUSPICIOUS_MOVE = YES;
				CLANG_WARN_UNREACHABLE_CODE = YES;
				CLANG_WARN__DUPLICATE_METHOD_MATCH = YES;
				"CODE_SIGN_IDENTITY[sdk=iphoneos*]" = "iPhone Developer";
				COPY_PHASE_STRIP = NO;
				DEBUG_INFORMATION_FORMAT = "dwarf-with-dsym";
				ENABLE_NS_ASSERTIONS = NO;
				ENABLE_STRICT_OBJC_MSGSEND = YES;
				GCC_C_LANGUAGE_STANDARD = gnu99;
				GCC_NO_COMMON_BLOCKS = YES;
				GCC_WARN_64_TO_32_BIT_CONVERSION = YES;
				GCC_WARN_ABOUT_RETURN_TYPE = YES_ERROR;
				GCC_WARN_UNDECLARED_SELECTOR = YES;
				GCC_WARN_UNINITIALIZED_AUTOS = YES_AGGRESSIVE;
				GCC_WARN_UNUSED_FUNCTION = YES;
				GCC_WARN_UNUSED_VARIABLE = YES;
				IPHONEOS_DEPLOYMENT_TARGET = 10.3;
				MTL_ENABLE_DEBUG_INFO = NO;
				SDKROOT = iphoneos;
				TARGETED_DEVICE_FAMILY = "1,2";
				VALIDATE_PRODUCT = YES;
			};
			name = Release;
		};
		3B57B1E71F5FDE70001FB431 /* Debug */ = {
			isa = XCBuildConfiguration;
			buildSettings = {
				ASSETCATALOG_COMPILER_APPICON_NAME = AppIcon;
				INFOPLIST_FILE = WYM_View_Demo/Info.plist;
				LD_RUNPATH_SEARCH_PATHS = "$(inherited) @executable_path/Frameworks";
				PRODUCT_BUNDLE_IDENTIFIER = "com.simpusun.www.WYM-View-Demo";
				PRODUCT_NAME = "$(TARGET_NAME)";
			};
			name = Debug;
		};
		3B57B1E81F5FDE70001FB431 /* Release */ = {
			isa = XCBuildConfiguration;
			buildSettings = {
				ASSETCATALOG_COMPILER_APPICON_NAME = AppIcon;
				INFOPLIST_FILE = WYM_View_Demo/Info.plist;
				LD_RUNPATH_SEARCH_PATHS = "$(inherited) @executable_path/Frameworks";
				PRODUCT_BUNDLE_IDENTIFIER = "com.simpusun.www.WYM-View-Demo";
				PRODUCT_NAME = "$(TARGET_NAME)";
			};
			name = Release;
		};
		3B57B1EA1F5FDE70001FB431 /* Debug */ = {
			isa = XCBuildConfiguration;
			buildSettings = {
				BUNDLE_LOADER = "$(TEST_HOST)";
				INFOPLIST_FILE = WYM_View_DemoTests/Info.plist;
				LD_RUNPATH_SEARCH_PATHS = "$(inherited) @executable_path/Frameworks @loader_path/Frameworks";
				PRODUCT_BUNDLE_IDENTIFIER = "com.simpusun.www.WYM-View-DemoTests";
				PRODUCT_NAME = "$(TARGET_NAME)";
				TEST_HOST = "$(BUILT_PRODUCTS_DIR)/WYM_View_Demo.app/WYM_View_Demo";
			};
			name = Debug;
		};
		3B57B1EB1F5FDE70001FB431 /* Release */ = {
			isa = XCBuildConfiguration;
			buildSettings = {
				BUNDLE_LOADER = "$(TEST_HOST)";
				INFOPLIST_FILE = WYM_View_DemoTests/Info.plist;
				LD_RUNPATH_SEARCH_PATHS = "$(inherited) @executable_path/Frameworks @loader_path/Frameworks";
				PRODUCT_BUNDLE_IDENTIFIER = "com.simpusun.www.WYM-View-DemoTests";
				PRODUCT_NAME = "$(TARGET_NAME)";
				TEST_HOST = "$(BUILT_PRODUCTS_DIR)/WYM_View_Demo.app/WYM_View_Demo";
			};
			name = Release;
		};
		3B57B1ED1F5FDE70001FB431 /* Debug */ = {
			isa = XCBuildConfiguration;
			buildSettings = {
				INFOPLIST_FILE = WYM_View_DemoUITests/Info.plist;
				LD_RUNPATH_SEARCH_PATHS = "$(inherited) @executable_path/Frameworks @loader_path/Frameworks";
				PRODUCT_BUNDLE_IDENTIFIER = "com.simpusun.www.WYM-View-DemoUITests";
				PRODUCT_NAME = "$(TARGET_NAME)";
				TEST_TARGET_NAME = WYM_View_Demo;
			};
			name = Debug;
		};
		3B57B1EE1F5FDE70001FB431 /* Release */ = {
			isa = XCBuildConfiguration;
			buildSettings = {
				INFOPLIST_FILE = WYM_View_DemoUITests/Info.plist;
				LD_RUNPATH_SEARCH_PATHS = "$(inherited) @executable_path/Frameworks @loader_path/Frameworks";
				PRODUCT_BUNDLE_IDENTIFIER = "com.simpusun.www.WYM-View-DemoUITests";
				PRODUCT_NAME = "$(TARGET_NAME)";
				TEST_TARGET_NAME = WYM_View_Demo;
			};
			name = Release;
		};
/* End XCBuildConfiguration section */

/* Begin XCConfigurationList section */
		3B57B1B41F5FDE70001FB431 /* Build configuration list for PBXProject "WYM_View_Demo" */ = {
			isa = XCConfigurationList;
			buildConfigurations = (
				3B57B1E41F5FDE70001FB431 /* Debug */,
				3B57B1E51F5FDE70001FB431 /* Release */,
			);
			defaultConfigurationIsVisible = 0;
			defaultConfigurationName = Release;
		};
		3B57B1E61F5FDE70001FB431 /* Build configuration list for PBXNativeTarget "WYM_View_Demo" */ = {
			isa = XCConfigurationList;
			buildConfigurations = (
				3B57B1E71F5FDE70001FB431 /* Debug */,
				3B57B1E81F5FDE70001FB431 /* Release */,
			);
			defaultConfigurationIsVisible = 0;
		};
		3B57B1E91F5FDE70001FB431 /* Build configuration list for PBXNativeTarget "WYM_View_DemoTests" */ = {
			isa = XCConfigurationList;
			buildConfigurations = (
				3B57B1EA1F5FDE70001FB431 /* Debug */,
				3B57B1EB1F5FDE70001FB431 /* Release */,
			);
			defaultConfigurationIsVisible = 0;
		};
		3B57B1EC1F5FDE70001FB431 /* Build configuration list for PBXNativeTarget "WYM_View_DemoUITests" */ = {
			isa = XCConfigurationList;
			buildConfigurations = (
				3B57B1ED1F5FDE70001FB431 /* Debug */,
				3B57B1EE1F5FDE70001FB431 /* Release */,
			);
			defaultConfigurationIsVisible = 0;
		};
/* End XCConfigurationList section */
	};
	rootObject = 3B57B1B11F5FDE70001FB431 /* Project object */;
}
